// !$*UTF8*$!
{
	archiveVersion = 1;
	classes = {
	};
	objectVersion = 46;
	objects = {

/* Begin PBXBuildFile section */
		04249C2B1AE0A78600CA8195 /* Config.m in Sources */ = {isa = PBXBuildFile; fileRef = 04249C2A1AE0A78600CA8195 /* Config.m */; };
		04249C2E1AE0B6CD00CA8195 /* CalloutCell.m in Sources */ = {isa = PBXBuildFile; fileRef = 04249C2D1AE0B6CD00CA8195 /* CalloutCell.m */; };
		04249C311AE0B72400CA8195 /* CalloutCellFrame.m in Sources */ = {isa = PBXBuildFile; fileRef = 04249C301AE0B72400CA8195 /* CalloutCellFrame.m */; };
		04249C341AE0BA0300CA8195 /* CalloutCellData.m in Sources */ = {isa = PBXBuildFile; fileRef = 04249C331AE0BA0300CA8195 /* CalloutCellData.m */; };
		044F6BF71AE091E1009D0111 /* NSString+Extension.m in Sources */ = {isa = PBXBuildFile; fileRef = 044F6BF61AE091E1009D0111 /* NSString+Extension.m */; };
		04EB5A1F1AB8FE4E0066E10C /* icon.png in Resources */ = {isa = PBXBuildFile; fileRef = 04EB59FD1AB8FE4E0066E10C /* icon.png */; };
		04EB5A201AB8FE4E0066E10C /* icon@2x.png in Resources */ = {isa = PBXBuildFile; fileRef = 04EB59FE1AB8FE4E0066E10C /* icon@2x.png */; };
		04EB5A211AB8FE4E0066E10C /* local_map.png in Resources */ = {isa = PBXBuildFile; fileRef = 04EB59FF1AB8FE4E0066E10C /* local_map.png */; };
		04EB5A221AB8FE4E0066E10C /* WZCalloutTableViewController.m in Sources */ = {isa = PBXBuildFile; fileRef = 04EB5A021AB8FE4E0066E10C /* WZCalloutTableViewController.m */; };
		04EB5A231AB8FE4E0066E10C /* WZMainController.m in Sources */ = {isa = PBXBuildFile; fileRef = 04EB5A041AB8FE4E0066E10C /* WZMainController.m */; };
		04EB5A241AB8FE4E0066E10C /* WZPoverTableViewController.m in Sources */ = {isa = PBXBuildFile; fileRef = 04EB5A061AB8FE4E0066E10C /* WZPoverTableViewController.m */; };
		04EB5A251AB8FE4E0066E10C /* MBProgressHUD+MJ.m in Sources */ = {isa = PBXBuildFile; fileRef = 04EB5A091AB8FE4E0066E10C /* MBProgressHUD+MJ.m */; };
		04EB5A261AB8FE4E0066E10C /* MBProgressHUD.bundle in Resources */ = {isa = PBXBuildFile; fileRef = 04EB5A0A1AB8FE4E0066E10C /* MBProgressHUD.bundle */; };
		04EB5A271AB8FE4E0066E10C /* MBProgressHUD.m in Sources */ = {isa = PBXBuildFile; fileRef = 04EB5A0C1AB8FE4E0066E10C /* MBProgressHUD.m */; };
		04EB5A281AB8FE4E0066E10C /* FeatureModel.m in Sources */ = {isa = PBXBuildFile; fileRef = 04EB5A0F1AB8FE4E0066E10C /* FeatureModel.m */; };
		04EB5A291AB8FE4E0066E10C /* LayerModel.m in Sources */ = {isa = PBXBuildFile; fileRef = 04EB5A111AB8FE4E0066E10C /* LayerModel.m */; };
		04EB5A2A1AB8FE4E0066E10C /* Foundation+Log.m in Sources */ = {isa = PBXBuildFile; fileRef = 04EB5A131AB8FE4E0066E10C /* Foundation+Log.m */; };
		04EB5A2B1AB8FE4E0066E10C /* LocalTiledLayerAppDelegate.m in Sources */ = {isa = PBXBuildFile; fileRef = 04EB5A151AB8FE4E0066E10C /* LocalTiledLayerAppDelegate.m */; };
		04EB5A2C1AB8FE4E0066E10C /* main.m in Sources */ = {isa = PBXBuildFile; fileRef = 04EB5A161AB8FE4E0066E10C /* main.m */; };
		04EB5A2D1AB8FE4E0066E10C /* Storyboard.storyboard in Resources */ = {isa = PBXBuildFile; fileRef = 04EB5A171AB8FE4E0066E10C /* Storyboard.storyboard */; };
		04EB5A2F1AB8FE4E0066E10C /* CalloutHeaderView.m in Sources */ = {isa = PBXBuildFile; fileRef = 04EB5A1D1AB8FE4E0066E10C /* CalloutHeaderView.m */; };
		04EB5A301AB8FE4E0066E10C /* CalloutHeaderView.xib in Resources */ = {isa = PBXBuildFile; fileRef = 04EB5A1E1AB8FE4E0066E10C /* CalloutHeaderView.xib */; };
		04EB5A361AB8FF2C0066E10C /* GisMap-Info.plist in Resources */ = {isa = PBXBuildFile; fileRef = 04EB5A351AB8FF2C0066E10C /* GisMap-Info.plist */; };
		06DFFEF61B7443F6008AF7B1 /* DACircularProgressView.m in Sources */ = {isa = PBXBuildFile; fileRef = 06DFFEF51B7443F6008AF7B1 /* DACircularProgressView.m */; };
		3EE622C418E4D5BA00693502 /* Default-568h@2x.png in Resources */ = {isa = PBXBuildFile; fileRef = 3EE622C318E4D5BA00693502 /* Default-568h@2x.png */; };
		C56B3FEC14C652C2003A46EB /* ArcGIS.bundle in Resources */ = {isa = PBXBuildFile; fileRef = C56B3FEB14C652C2003A46EB /* ArcGIS.bundle */; };
/* End PBXBuildFile section */

/* Begin PBXFileReference section */
		04249C291AE0A78600CA8195 /* Config.h */ = {isa = PBXFileReference; fileEncoding = 4; lastKnownFileType = sourcecode.c.h; path = Config.h; sourceTree = "<group>"; };
		04249C2A1AE0A78600CA8195 /* Config.m */ = {isa = PBXFileReference; fileEncoding = 4; lastKnownFileType = sourcecode.c.objc; path = Config.m; sourceTree = "<group>"; };
		04249C2C1AE0B6CD00CA8195 /* CalloutCell.h */ = {isa = PBXFileReference; fileEncoding = 4; lastKnownFileType = sourcecode.c.h; path = CalloutCell.h; sourceTree = "<group>"; };
		04249C2D1AE0B6CD00CA8195 /* CalloutCell.m */ = {isa = PBXFileReference; fileEncoding = 4; lastKnownFileType = sourcecode.c.objc; path = CalloutCell.m; sourceTree = "<group>"; };
		04249C2F1AE0B72400CA8195 /* CalloutCellFrame.h */ = {isa = PBXFileReference; fileEncoding = 4; lastKnownFileType = sourcecode.c.h; path = CalloutCellFrame.h; sourceTree = "<group>"; };
		04249C301AE0B72400CA8195 /* CalloutCellFrame.m */ = {isa = PBXFileReference; fileEncoding = 4; lastKnownFileType = sourcecode.c.objc; path = CalloutCellFrame.m; sourceTree = "<group>"; };
		04249C321AE0BA0300CA8195 /* CalloutCellData.h */ = {isa = PBXFileReference; fileEncoding = 4; lastKnownFileType = sourcecode.c.h; path = CalloutCellData.h; sourceTree = "<group>"; };
		04249C331AE0BA0300CA8195 /* CalloutCellData.m */ = {isa = PBXFileReference; fileEncoding = 4; lastKnownFileType = sourcecode.c.objc; path = CalloutCellData.m; sourceTree = "<group>"; };
		044F6BF51AE091E1009D0111 /* NSString+Extension.h */ = {isa = PBXFileReference; fileEncoding = 4; lastKnownFileType = sourcecode.c.h; path = "NSString+Extension.h"; sourceTree = "<group>"; };
		044F6BF61AE091E1009D0111 /* NSString+Extension.m */ = {isa = PBXFileReference; fileEncoding = 4; lastKnownFileType = sourcecode.c.objc; path = "NSString+Extension.m"; sourceTree = "<group>"; };
		04EB59FD1AB8FE4E0066E10C /* icon.png */ = {isa = PBXFileReference; lastKnownFileType = image.png; path = icon.png; sourceTree = "<group>"; };
		04EB59FE1AB8FE4E0066E10C /* icon@2x.png */ = {isa = PBXFileReference; lastKnownFileType = image.png; path = "icon@2x.png"; sourceTree = "<group>"; };
		04EB59FF1AB8FE4E0066E10C /* local_map.png */ = {isa = PBXFileReference; lastKnownFileType = image.png; path = local_map.png; sourceTree = "<group>"; };
		04EB5A011AB8FE4E0066E10C /* WZCalloutTableViewController.h */ = {isa = PBXFileReference; fileEncoding = 4; lastKnownFileType = sourcecode.c.h; path = WZCalloutTableViewController.h; sourceTree = "<group>"; };
		04EB5A021AB8FE4E0066E10C /* WZCalloutTableViewController.m */ = {isa = PBXFileReference; fileEncoding = 4; lastKnownFileType = sourcecode.c.objc; path = WZCalloutTableViewController.m; sourceTree = "<group>"; };
		04EB5A031AB8FE4E0066E10C /* WZMainController.h */ = {isa = PBXFileReference; fileEncoding = 4; lastKnownFileType = sourcecode.c.h; path = WZMainController.h; sourceTree = "<group>"; };
		04EB5A041AB8FE4E0066E10C /* WZMainController.m */ = {isa = PBXFileReference; fileEncoding = 4; lastKnownFileType = sourcecode.c.objc; path = WZMainController.m; sourceTree = "<group>"; };
		04EB5A051AB8FE4E0066E10C /* WZPoverTableViewController.h */ = {isa = PBXFileReference; fileEncoding = 4; lastKnownFileType = sourcecode.c.h; path = WZPoverTableViewController.h; sourceTree = "<group>"; };
		04EB5A061AB8FE4E0066E10C /* WZPoverTableViewController.m */ = {isa = PBXFileReference; fileEncoding = 4; lastKnownFileType = sourcecode.c.objc; path = WZPoverTableViewController.m; sourceTree = "<group>"; };
		04EB5A081AB8FE4E0066E10C /* MBProgressHUD+MJ.h */ = {isa = PBXFileReference; fileEncoding = 4; lastKnownFileType = sourcecode.c.h; path = "MBProgressHUD+MJ.h"; sourceTree = "<group>"; };
		04EB5A091AB8FE4E0066E10C /* MBProgressHUD+MJ.m */ = {isa = PBXFileReference; fileEncoding = 4; lastKnownFileType = sourcecode.c.objc; path = "MBProgressHUD+MJ.m"; sourceTree = "<group>"; };
		04EB5A0A1AB8FE4E0066E10C /* MBProgressHUD.bundle */ = {isa = PBXFileReference; lastKnownFileType = "wrapper.plug-in"; path = MBProgressHUD.bundle; sourceTree = "<group>"; };
		04EB5A0B1AB8FE4E0066E10C /* MBProgressHUD.h */ = {isa = PBXFileReference; fileEncoding = 4; lastKnownFileType = sourcecode.c.h; path = MBProgressHUD.h; sourceTree = "<group>"; };
		04EB5A0C1AB8FE4E0066E10C /* MBProgressHUD.m */ = {isa = PBXFileReference; fileEncoding = 4; lastKnownFileType = sourcecode.c.objc; path = MBProgressHUD.m; sourceTree = "<group>"; };
		04EB5A0E1AB8FE4E0066E10C /* FeatureModel.h */ = {isa = PBXFileReference; fileEncoding = 4; lastKnownFileType = sourcecode.c.h; path = FeatureModel.h; sourceTree = "<group>"; };
		04EB5A0F1AB8FE4E0066E10C /* FeatureModel.m */ = {isa = PBXFileReference; fileEncoding = 4; lastKnownFileType = sourcecode.c.objc; path = FeatureModel.m; sourceTree = "<group>"; };
		04EB5A101AB8FE4E0066E10C /* LayerModel.h */ = {isa = PBXFileReference; fileEncoding = 4; lastKnownFileType = sourcecode.c.h; path = LayerModel.h; sourceTree = "<group>"; };
		04EB5A111AB8FE4E0066E10C /* LayerModel.m */ = {isa = PBXFileReference; fileEncoding = 4; lastKnownFileType = sourcecode.c.objc; path = LayerModel.m; sourceTree = "<group>"; };
		04EB5A131AB8FE4E0066E10C /* Foundation+Log.m */ = {isa = PBXFileReference; fileEncoding = 4; lastKnownFileType = sourcecode.c.objc; path = "Foundation+Log.m"; sourceTree = "<group>"; };
		04EB5A141AB8FE4E0066E10C /* LocalTiledLayerAppDelegate.h */ = {isa = PBXFileReference; fileEncoding = 4; lastKnownFileType = sourcecode.c.h; path = LocalTiledLayerAppDelegate.h; sourceTree = "<group>"; };
		04EB5A151AB8FE4E0066E10C /* LocalTiledLayerAppDelegate.m */ = {isa = PBXFileReference; fileEncoding = 4; lastKnownFileType = sourcecode.c.objc; path = LocalTiledLayerAppDelegate.m; sourceTree = "<group>"; };
		04EB5A161AB8FE4E0066E10C /* main.m */ = {isa = PBXFileReference; fileEncoding = 4; lastKnownFileType = sourcecode.c.objc; path = main.m; sourceTree = "<group>"; };
		04EB5A171AB8FE4E0066E10C /* Storyboard.storyboard */ = {isa = PBXFileReference; fileEncoding = 4; lastKnownFileType = file.storyboard; path = Storyboard.storyboard; sourceTree = "<group>"; };
		04EB5A1C1AB8FE4E0066E10C /* CalloutHeaderView.h */ = {isa = PBXFileReference; fileEncoding = 4; lastKnownFileType = sourcecode.c.h; path = CalloutHeaderView.h; sourceTree = "<group>"; };
		04EB5A1D1AB8FE4E0066E10C /* CalloutHeaderView.m */ = {isa = PBXFileReference; fileEncoding = 4; lastKnownFileType = sourcecode.c.objc; path = CalloutHeaderView.m; sourceTree = "<group>"; };
		04EB5A1E1AB8FE4E0066E10C /* CalloutHeaderView.xib */ = {isa = PBXFileReference; fileEncoding = 4; lastKnownFileType = file.xib; path = CalloutHeaderView.xib; sourceTree = "<group>"; };
		04EB5A341AB8FF2C0066E10C /* GisMap_Prefix.pch */ = {isa = PBXFileReference; fileEncoding = 4; lastKnownFileType = sourcecode.c.h; path = GisMap_Prefix.pch; sourceTree = "<group>"; };
		04EB5A351AB8FF2C0066E10C /* GisMap-Info.plist */ = {isa = PBXFileReference; fileEncoding = 4; lastKnownFileType = text.plist.xml; path = "GisMap-Info.plist"; sourceTree = "<group>"; };
		06DFFEF41B7443F6008AF7B1 /* DACircularProgressView.h */ = {isa = PBXFileReference; fileEncoding = 4; lastKnownFileType = sourcecode.c.h; path = DACircularProgressView.h; sourceTree = "<group>"; };
		06DFFEF51B7443F6008AF7B1 /* DACircularProgressView.m */ = {isa = PBXFileReference; fileEncoding = 4; lastKnownFileType = sourcecode.c.objc; path = DACircularProgressView.m; sourceTree = "<group>"; };
		1D6058910D05DD3D006BFB54 /* GisMap.app */ = {isa = PBXFileReference; explicitFileType = wrapper.application; includeInIndex = 0; path = GisMap.app; sourceTree = BUILT_PRODUCTS_DIR; };
		3EE622C318E4D5BA00693502 /* Default-568h@2x.png */ = {isa = PBXFileReference; lastKnownFileType = image.png; path = "Default-568h@2x.png"; sourceTree = SOURCE_ROOT; };
		C56B3FEB14C652C2003A46EB /* ArcGIS.bundle */ = {isa = PBXFileReference; lastKnownFileType = "wrapper.plug-in"; name = ArcGIS.bundle; path = $HOME/Library/SDKs/ArcGIS/iOS/ArcGIS.framework/Versions/Current/Resources/ArcGIS.bundle; sourceTree = "<absolute>"; };
/* End PBXFileReference section */

/* Begin PBXFrameworksBuildPhase section */
		1D60588F0D05DD3D006BFB54 /* Frameworks */ = {
			isa = PBXFrameworksBuildPhase;
			buildActionMask = 2147483647;
			files = (
			);
			runOnlyForDeploymentPostprocessing = 0;
		};
/* End PBXFrameworksBuildPhase section */

/* Begin PBXGroup section */
		04EB59FC1AB8FE4E0066E10C /* Assets */ = {
			isa = PBXGroup;
			children = (
				04EB59FD1AB8FE4E0066E10C /* icon.png */,
				04EB59FE1AB8FE4E0066E10C /* icon@2x.png */,
				04EB59FF1AB8FE4E0066E10C /* local_map.png */,
			);
			name = Assets;
			path = GeoDatabase/Assets;
			sourceTree = SOURCE_ROOT;
		};
		04EB5A001AB8FE4E0066E10C /* Controller */ = {
			isa = PBXGroup;
			children = (
				04EB5A011AB8FE4E0066E10C /* WZCalloutTableViewController.h */,
				04EB5A021AB8FE4E0066E10C /* WZCalloutTableViewController.m */,
				04EB5A031AB8FE4E0066E10C /* WZMainController.h */,
				04EB5A041AB8FE4E0066E10C /* WZMainController.m */,
				04EB5A051AB8FE4E0066E10C /* WZPoverTableViewController.h */,
				04EB5A061AB8FE4E0066E10C /* WZPoverTableViewController.m */,
			);
			name = Controller;
			path = GeoDatabase/Controller;
			sourceTree = SOURCE_ROOT;
		};
		04EB5A071AB8FE4E0066E10C /* MBProgressHUD */ = {
			isa = PBXGroup;
			children = (
				04EB5A081AB8FE4E0066E10C /* MBProgressHUD+MJ.h */,
				04EB5A091AB8FE4E0066E10C /* MBProgressHUD+MJ.m */,
				04EB5A0A1AB8FE4E0066E10C /* MBProgressHUD.bundle */,
				04EB5A0B1AB8FE4E0066E10C /* MBProgressHUD.h */,
				04EB5A0C1AB8FE4E0066E10C /* MBProgressHUD.m */,
			);
			name = MBProgressHUD;
			path = GeoDatabase/MBProgressHUD;
			sourceTree = SOURCE_ROOT;
		};
		04EB5A0D1AB8FE4E0066E10C /* Model */ = {
			isa = PBXGroup;
			children = (
				04EB5A0E1AB8FE4E0066E10C /* FeatureModel.h */,
				04EB5A0F1AB8FE4E0066E10C /* FeatureModel.m */,
				04EB5A101AB8FE4E0066E10C /* LayerModel.h */,
				04EB5A111AB8FE4E0066E10C /* LayerModel.m */,
				04249C2F1AE0B72400CA8195 /* CalloutCellFrame.h */,
				04249C301AE0B72400CA8195 /* CalloutCellFrame.m */,
				04249C321AE0BA0300CA8195 /* CalloutCellData.h */,
				04249C331AE0BA0300CA8195 /* CalloutCellData.m */,
			);
			name = Model;
			path = GeoDatabase/Model;
			sourceTree = SOURCE_ROOT;
		};
		04EB5A121AB8FE4E0066E10C /* Other */ = {
			isa = PBXGroup;
			children = (
				044F6BF51AE091E1009D0111 /* NSString+Extension.h */,
				044F6BF61AE091E1009D0111 /* NSString+Extension.m */,
				04EB5A341AB8FF2C0066E10C /* GisMap_Prefix.pch */,
				04EB5A351AB8FF2C0066E10C /* GisMap-Info.plist */,
				04EB5A131AB8FE4E0066E10C /* Foundation+Log.m */,
				04EB5A141AB8FE4E0066E10C /* LocalTiledLayerAppDelegate.h */,
				04EB5A151AB8FE4E0066E10C /* LocalTiledLayerAppDelegate.m */,
				04EB5A161AB8FE4E0066E10C /* main.m */,
				04EB5A171AB8FE4E0066E10C /* Storyboard.storyboard */,
				04249C291AE0A78600CA8195 /* Config.h */,
				04249C2A1AE0A78600CA8195 /* Config.m */,
			);
			name = Other;
			path = GeoDatabase/Other;
			sourceTree = SOURCE_ROOT;
		};
		04EB5A1B1AB8FE4E0066E10C /* View */ = {
			isa = PBXGroup;
			children = (
				04EB5A1C1AB8FE4E0066E10C /* CalloutHeaderView.h */,
				04EB5A1D1AB8FE4E0066E10C /* CalloutHeaderView.m */,
				04EB5A1E1AB8FE4E0066E10C /* CalloutHeaderView.xib */,
				04249C2C1AE0B6CD00CA8195 /* CalloutCell.h */,
				04249C2D1AE0B6CD00CA8195 /* CalloutCell.m */,
			);
			name = View;
			path = GeoDatabase/View;
			sourceTree = SOURCE_ROOT;
		};
		06DFFEF31B7443F6008AF7B1 /* DACircularProgress */ = {
			isa = PBXGroup;
			children = (
				06DFFEF41B7443F6008AF7B1 /* DACircularProgressView.h */,
				06DFFEF51B7443F6008AF7B1 /* DACircularProgressView.m */,
			);
			name = DACircularProgress;
			path = GeoDatabase/DACircularProgress;
			sourceTree = SOURCE_ROOT;
		};
		080E96DDFE201D6D7F000001 /* GisMap */ = {
			isa = PBXGroup;
			children = (
				06DFFEF31B7443F6008AF7B1 /* DACircularProgress */,
				04EB59FC1AB8FE4E0066E10C /* Assets */,
				04EB5A001AB8FE4E0066E10C /* Controller */,
				04EB5A071AB8FE4E0066E10C /* MBProgressHUD */,
				04EB5A0D1AB8FE4E0066E10C /* Model */,
				04EB5A121AB8FE4E0066E10C /* Other */,
				04EB5A1B1AB8FE4E0066E10C /* View */,
				C5128CF114758D9500A5EBF7 /* Supporting Files */,
			);
			name = GisMap;
			path = Classes;
			sourceTree = "<group>";
		};
		19C28FACFE9D520D11CA2CBB /* Products */ = {
			isa = PBXGroup;
			children = (
				1D6058910D05DD3D006BFB54 /* GisMap.app */,
			);
			name = Products;
			sourceTree = "<group>";
		};
		29B97314FDCFA39411CA2CEA /* CustomTemplate */ = {
			isa = PBXGroup;
			children = (
				080E96DDFE201D6D7F000001 /* GisMap */,
				29B97323FDCFA39411CA2CEA /* Frameworks */,
				19C28FACFE9D520D11CA2CBB /* Products */,
			);
			name = CustomTemplate;
			sourceTree = "<group>";
		};
		29B97323FDCFA39411CA2CEA /* Frameworks */ = {
			isa = PBXGroup;
			children = (
				C56B3FEB14C652C2003A46EB /* ArcGIS.bundle */,
			);
			name = Frameworks;
			sourceTree = "<group>";
		};
		C5128CF114758D9500A5EBF7 /* Supporting Files */ = {
			isa = PBXGroup;
			children = (
				3EE622C318E4D5BA00693502 /* Default-568h@2x.png */,
			);
			name = "Supporting Files";
			sourceTree = "<group>";
		};
/* End PBXGroup section */

/* Begin PBXNativeTarget section */
		1D6058900D05DD3D006BFB54 /* GisMap */ = {
			isa = PBXNativeTarget;
			buildConfigurationList = 1D6058960D05DD3E006BFB54 /* Build configuration list for PBXNativeTarget "GisMap" */;
			buildPhases = (
				1D60588D0D05DD3D006BFB54 /* Resources */,
				1D60588E0D05DD3D006BFB54 /* Sources */,
				1D60588F0D05DD3D006BFB54 /* Frameworks */,
			);
			buildRules = (
			);
			dependencies = (
			);
			name = GisMap;
			productName = Demo;
			productReference = 1D6058910D05DD3D006BFB54 /* GisMap.app */;
			productType = "com.apple.product-type.application";
		};
/* End PBXNativeTarget section */

/* Begin PBXProject section */
		29B97313FDCFA39411CA2CEA /* Project object */ = {
			isa = PBXProject;
			attributes = {
				LastUpgradeCheck = 0610;
				TargetAttributes = {
					1D6058900D05DD3D006BFB54 = {
						DevelopmentTeam = 6H2R7LFB6S;
					};
				};
			};
			buildConfigurationList = C01FCF4E08A954540054247B /* Build configuration list for PBXProject "GisMap" */;
			compatibilityVersion = "Xcode 3.2";
			developmentRegion = English;
			hasScannedForEncodings = 1;
			knownRegions = (
				English,
				Japanese,
				French,
				German,
			);
			mainGroup = 29B97314FDCFA39411CA2CEA /* CustomTemplate */;
			projectDirPath = "";
			projectRoot = "";
			targets = (
				1D6058900D05DD3D006BFB54 /* GisMap */,
			);
		};
/* End PBXProject section */

/* Begin PBXResourcesBuildPhase section */
		1D60588D0D05DD3D006BFB54 /* Resources */ = {
			isa = PBXResourcesBuildPhase;
			buildActionMask = 2147483647;
			files = (
				C56B3FEC14C652C2003A46EB /* ArcGIS.bundle in Resources */,
				04EB5A201AB8FE4E0066E10C /* icon@2x.png in Resources */,
				3EE622C418E4D5BA00693502 /* Default-568h@2x.png in Resources */,
				04EB5A1F1AB8FE4E0066E10C /* icon.png in Resources */,
				04EB5A301AB8FE4E0066E10C /* CalloutHeaderView.xib in Resources */,
				04EB5A211AB8FE4E0066E10C /* local_map.png in Resources */,
				04EB5A2D1AB8FE4E0066E10C /* Storyboard.storyboard in Resources */,
				04EB5A261AB8FE4E0066E10C /* MBProgressHUD.bundle in Resources */,
				04EB5A361AB8FF2C0066E10C /* GisMap-Info.plist in Resources */,
			);
			runOnlyForDeploymentPostprocessing = 0;
		};
/* End PBXResourcesBuildPhase section */

/* Begin PBXSourcesBuildPhase section */
		1D60588E0D05DD3D006BFB54 /* Sources */ = {
			isa = PBXSourcesBuildPhase;
			buildActionMask = 2147483647;
			files = (
				04EB5A2C1AB8FE4E0066E10C /* main.m in Sources */,
				04249C2B1AE0A78600CA8195 /* Config.m in Sources */,
				04249C311AE0B72400CA8195 /* CalloutCellFrame.m in Sources */,
				04249C2E1AE0B6CD00CA8195 /* CalloutCell.m in Sources */,
				04EB5A251AB8FE4E0066E10C /* MBProgressHUD+MJ.m in Sources */,
				04EB5A291AB8FE4E0066E10C /* LayerModel.m in Sources */,
				04EB5A2F1AB8FE4E0066E10C /* CalloutHeaderView.m in Sources */,
				04EB5A221AB8FE4E0066E10C /* WZCalloutTableViewController.m in Sources */,
				04EB5A271AB8FE4E0066E10C /* MBProgressHUD.m in Sources */,
				04EB5A231AB8FE4E0066E10C /* WZMainController.m in Sources */,
				04249C341AE0BA0300CA8195 /* CalloutCellData.m in Sources */,
				044F6BF71AE091E1009D0111 /* NSString+Extension.m in Sources */,
				04EB5A281AB8FE4E0066E10C /* FeatureModel.m in Sources */,
				06DFFEF61B7443F6008AF7B1 /* DACircularProgressView.m in Sources */,
				04EB5A241AB8FE4E0066E10C /* WZPoverTableViewController.m in Sources */,
				04EB5A2A1AB8FE4E0066E10C /* Foundation+Log.m in Sources */,
				04EB5A2B1AB8FE4E0066E10C /* LocalTiledLayerAppDelegate.m in Sources */,
			);
			runOnlyForDeploymentPostprocessing = 0;
		};
/* End PBXSourcesBuildPhase section */

/* Begin XCBuildConfiguration section */
		1D6058940D05DD3E006BFB54 /* Debug */ = {
			isa = XCBuildConfiguration;
			buildSettings = {
				ALWAYS_SEARCH_USER_PATHS = NO;
				CLANG_ENABLE_OBJC_ARC = YES;
				CODE_SIGN_IDENTITY = "iPhone Developer";
				"CODE_SIGN_IDENTITY[sdk=iphoneos*]" = "iPhone Developer";
				COPY_PHASE_STRIP = NO;
				FRAMEWORK_SEARCH_PATHS = "$(HOME)/Library/SDKs/ArcGIS/iOS/**";
				GCC_DYNAMIC_NO_PIC = NO;
				GCC_OPTIMIZATION_LEVEL = 0;
				GCC_PRECOMPILE_PREFIX_HEADER = YES;
				GCC_PREFIX_HEADER = /Users/xie/Desktop/GeoDatabase/GeoDatabase/Other/GisMap_Prefix.pch;
				INFOPLIST_FILE = "$(SRCROOT)/GeoDatabase/Other/GisMap-Info.plist";
				IPHONEOS_DEPLOYMENT_TARGET = 8.4;
				OTHER_LDFLAGS = (
					"-ObjC",
					"-framework",
					ArcGIS,
					"-l",
					"c++",
				);
				PRODUCT_NAME = GisMap;
				PROVISIONING_PROFILE = "";
				SDKROOT = iphoneos;
				TARGETED_DEVICE_FAMILY = "1,2";
			};
			name = Debug;
		};
		1D6058950D05DD3E006BFB54 /* Release */ = {
			isa = XCBuildConfiguration;
			buildSettings = {
				ALWAYS_SEARCH_USER_PATHS = NO;
				CLANG_ENABLE_OBJC_ARC = YES;
				CODE_SIGN_IDENTITY = "iPhone Developer";
				"CODE_SIGN_IDENTITY[sdk=iphoneos*]" = "iPhone Developer";
				COPY_PHASE_STRIP = YES;
				FRAMEWORK_SEARCH_PATHS = "$(HOME)/Library/SDKs/ArcGIS/iOS/**";
				GCC_PRECOMPILE_PREFIX_HEADER = YES;
				GCC_PREFIX_HEADER = /Users/xie/Desktop/GeoDatabase/GeoDatabase/Other/GisMap_Prefix.pch;
				INFOPLIST_FILE = "$(SRCROOT)/GeoDatabase/Other/GisMap-Info.plist";
				IPHONEOS_DEPLOYMENT_TARGET = 8.4;
				OTHER_LDFLAGS = (
					"-ObjC",
					"-framework",
					ArcGIS,
					"-l",
					"c++",
				);
				PRODUCT_NAME = GisMap;
				PROVISIONING_PROFILE = "";
				"PROVISIONING_PROFILE[sdk=iphoneos*]" = "";
				SDKROOT = iphoneos;
				TARGETED_DEVICE_FAMILY = "1,2";
			};
			name = Release;
		};
		C01FCF4F08A954540054247B /* Debug */ = {
			isa = XCBuildConfiguration;
			buildSettings = {
				CLANG_ENABLE_MODULES = YES;
				CODE_SIGN_IDENTITY = "iPhone Distribution: Nanning Planning Information Technology Center";
				"CODE_SIGN_IDENTITY[sdk=iphoneos*]" = "";
				GCC_C_LANGUAGE_STANDARD = c99;
				GCC_WARN_ABOUT_RETURN_TYPE = YES;
				GCC_WARN_UNUSED_VARIABLE = YES;
				IPHONEOS_DEPLOYMENT_TARGET = 8.4;
				ONLY_ACTIVE_ARCH = YES;
				PROVISIONING_PROFILE = "";
				"PROVISIONING_PROFILE[sdk=iphoneos*]" = "";
				SDKROOT = iphoneos;
			};
			name = Debug;
		};
		C01FCF5008A954540054247B /* Release */ = {
			isa = XCBuildConfiguration;
			buildSettings = {
				CLANG_ENABLE_MODULES = YES;
				CODE_SIGN_IDENTITY = "iPhone Distribution: Nanning Planning Information Technology Center";
				"CODE_SIGN_IDENTITY[sdk=iphoneos*]" = "";
				GCC_C_LANGUAGE_STANDARD = c99;
				GCC_WARN_ABOUT_RETURN_TYPE = YES;
				GCC_WARN_UNUSED_VARIABLE = YES;
				IPHONEOS_DEPLOYMENT_TARGET = 8.4;
				PROVISIONING_PROFILE = "";
				"PROVISIONING_PROFILE[sdk=iphoneos*]" = "";
				SDKROOT = iphoneos;
			};
			name = Release;
		};
/* End XCBuildConfiguration section */

/* Begin XCConfigurationList section */
		1D6058960D05DD3E006BFB54 /* Build configuration list for PBXNativeTarget "GisMap" */ = {
			isa = XCConfigurationList;
			buildConfigurations = (
				1D6058940D05DD3E006BFB54 /* Debug */,
				1D6058950D05DD3E006BFB54 /* Release */,
			);
			defaultConfigurationIsVisible = 0;
			defaultConfigurationName = Release;
		};
		C01FCF4E08A954540054247B /* Build configuration list for PBXProject "GisMap" */ = {
			isa = XCConfigurationList;
			buildConfigurations = (
				C01FCF4F08A954540054247B /* Debug */,
				C01FCF5008A954540054247B /* Release */,
			);
			defaultConfigurationIsVisible = 0;
			defaultConfigurationName = Release;
		};
/* End XCConfigurationList section */
	};
	rootObject = 29B97313FDCFA39411CA2CEA /* Project object */;
}
